<?xml version="1.0" encoding="utf-8"?>
<Project ToolsVersion="4.0" xmlns="http://schemas.microsoft.com/developer/msbuild/2003">
  <ItemGroup>
    <ClInclude Include="Balbino.h">
      <Filter>Connections</Filter>
    </ClInclude>
    <ClInclude Include="scr\BalbinoPCH.h" />
    <ClInclude Include="scr\Struct.h" />
    <ClInclude Include="scr\Core.h" />
    <ClInclude Include="scr\EntryPoint.h" />
    <ClInclude Include="scr\Application.h" />
    <ClInclude Include="scr\Singleton.h" />
    <ClInclude Include="scr\InputManager.h" />
    <ClInclude Include="scr\SceneManager.h" />
    <ClInclude Include="scr\Scene.h" />
    <ClInclude Include="scr\SceneObject.h" />
    <ClInclude Include="scr\ResourceManager.h" />
    <ClInclude Include="scr\Font.h" />
    <ClInclude Include="scr\Time.h" />
    <ClInclude Include="scr\Components\Avatar.h" />
    <ClInclude Include="scr\Components\Component.h" />
    <ClInclude Include="scr\Components\FPSScript.h" />
    <ClInclude Include="scr\Components\Text.h" />
    <ClInclude Include="scr\Components\Texture2D.h" />
    <ClInclude Include="scr\Components\Transform.h" />
    <ClInclude Include="scr\GameObject\GameObject.h" />
    <ClInclude Include="scr\imgui-1.75\imconfig.h" />
    <ClInclude Include="scr\imgui-1.75\imgui.h" />
    <ClInclude Include="scr\imgui-1.75\imgui_internal.h" />
    <ClInclude Include="scr\imgui-1.75\imstb_rectpack.h" />
    <ClInclude Include="scr\imgui-1.75\imstb_textedit.h" />
    <ClInclude Include="scr\imgui-1.75\imstb_truetype.h" />
    <ClInclude Include="scr\imgui-1.75\imgui_sdl.h" />
    <ClInclude Include="scr\imgui-1.75\imgui_impl_sdl.h" />
    <ClInclude Include="scr\Debug.h" />
    <ClInclude Include="scr\Components\Audio.h" />
    <ClInclude Include="scr\imgui-1.75\imgui_plot.h" />
    <ClInclude Include="scr\imgui-1.75\imgui_impl_opengl3.h" />
    <ClInclude Include="scr\gl3w\GL\gl3w.h" />
    <ClInclude Include="scr\gl3w\GL\glcorearb.h" />
    <ClInclude Include="scr\Renderer\Renderer.h" />
    <ClInclude Include="scr\Components\Camera.h" />
    <ClInclude Include="scr\Components\All.h" />
    <ClInclude Include="scr\BinaryReaderWrider.h" />
  </ItemGroup>
  <ItemGroup>
    <Filter Include="Components">
      <UniqueIdentifier>{6dbe092a-11da-44d4-a8bf-a6f41575e5d6}</UniqueIdentifier>
    </Filter>
    <Filter Include="Engine">
      <UniqueIdentifier>{e4428f4c-d729-4bcf-b424-b69d28c6ed0f}</UniqueIdentifier>
    </Filter>
    <Filter Include="Connections">
      <UniqueIdentifier>{050c4257-0443-471d-a485-bd35e42370b8}</UniqueIdentifier>
    </Filter>
  </ItemGroup>
  <ItemGroup>
    <ClCompile Include="scr\BalbinoPCH.cpp" />
    <ClCompile Include="scr\Struct.cpp" />
    <ClCompile Include="scr\Application.cpp" />
    <ClCompile Include="scr\Time.cpp" />
    <ClCompile Include="scr\InputManager.cpp" />
    <ClCompile Include="scr\SceneManager.cpp" />
    <ClCompile Include="scr\Scene.cpp" />
    <ClCompile Include="scr\ResourceManager.cpp" />
    <ClCompile Include="scr\Font.cpp" />
    <ClCompile Include="scr\SceneObject.cpp" />
    <ClCompile Include="scr\Components\Avatar.cpp" />
    <ClCompile Include="scr\Components\Component.cpp" />
    <ClCompile Include="scr\Components\FPSScript.cpp" />
    <ClCompile Include="scr\Components\Text.cpp" />
    <ClCompile Include="scr\Components\Texture2D.cpp" />
    <ClCompile Include="scr\Components\Transform.cpp" />
    <ClCompile Include="scr\GameObject\GameObject.cpp" />
    <ClCompile Include="scr\imgui-1.75\imgui.cpp" />
    <ClCompile Include="scr\imgui-1.75\imgui_draw.cpp" />
    <ClCompile Include="scr\imgui-1.75\imgui_widgets.cpp" />
    <ClCompile Include="scr\imgui-1.75\imgui_sdl.cpp" />
    <ClCompile Include="scr\imgui-1.75\imgui_impl_sdl.cpp" />
    <ClCompile Include="scr\Debug.cpp" />
    <ClCompile Include="scr\Components\Audio.cpp" />
    <ClCompile Include="scr\imgui-1.75\imgui_demo.cpp" />
    <ClCompile Include="scr\imgui-1.75\imgui_plot.cpp" />
    <ClCompile Include="scr\imgui-1.75\imgui_impl_opengl3.cpp" />
    <ClCompile Include="scr\gl3w\GL\gl3w.c" />
    <ClCompile Include="scr\Renderer\Renderer.cpp" />
    <ClCompile Include="scr\Components\Camera.cpp" />
    <ClCompile Include="scr\BinaryReaderWrider.cpp" />
  </ItemGroup>
  <ItemGroup>
    <None Include="scr\Shaders\Basic.fs" />
    <None Include="scr\Shaders\Basic.vs" />
    <None Include="scr\Shaders\Font.fs" />
    <None Include="scr\Shaders\Font.vs" />
  </ItemGroup>
</Project>