<?xml version="1.0" encoding="utf-8"?>
<Project ToolsVersion="4.0" xmlns="http://schemas.microsoft.com/developer/msbuild/2003">
  <ItemGroup>
    <ClInclude Include="Balbino.h">
      <Filter>Connections</Filter>
    </ClInclude>
    <ClInclude Include="scr\BalbinoPCH.h" />
    <ClInclude Include="scr\Struct.h" />
    <ClInclude Include="scr\Core.h" />
    <ClInclude Include="scr\EntryPoint.h" />
    <ClInclude Include="scr\Application.h" />
    <ClInclude Include="scr\Singleton.h" />
    <ClInclude Include="scr\InputManager.h" />
    <ClInclude Include="scr\SceneManager.h" />
    <ClInclude Include="scr\Scene.h" />
    <ClInclude Include="scr\Renderer.h" />
    <ClInclude Include="scr\SceneObject.h" />
    <ClInclude Include="scr\ResourceManager.h" />
    <ClInclude Include="scr\Font.h" />
    <ClInclude Include="scr\Time.h" />
    <ClInclude Include="scr\Components\Avatar.h" />
    <ClInclude Include="scr\Components\Component.h" />
    <ClInclude Include="scr\Components\FPSScript.h" />
    <ClInclude Include="scr\Components\Text.h" />
    <ClInclude Include="scr\Components\Texture2D.h" />
    <ClInclude Include="scr\Components\Transform.h" />
    <ClInclude Include="scr\GameObject\GameObject.h" />
  </ItemGroup>
  <ItemGroup>
    <Filter Include="Components">
      <UniqueIdentifier>{6dbe092a-11da-44d4-a8bf-a6f41575e5d6}</UniqueIdentifier>
    </Filter>
    <Filter Include="Engine">
      <UniqueIdentifier>{e4428f4c-d729-4bcf-b424-b69d28c6ed0f}</UniqueIdentifier>
    </Filter>
    <Filter Include="Connections">
      <UniqueIdentifier>{050c4257-0443-471d-a485-bd35e42370b8}</UniqueIdentifier>
    </Filter>
  </ItemGroup>
  <ItemGroup>
    <ClCompile Include="scr\BalbinoPCH.cpp" />
    <ClCompile Include="scr\Struct.cpp" />
    <ClCompile Include="scr\Application.cpp" />
    <ClCompile Include="scr\Time.cpp" />
    <ClCompile Include="scr\InputManager.cpp" />
    <ClCompile Include="scr\SceneManager.cpp" />
    <ClCompile Include="scr\Scene.cpp" />
    <ClCompile Include="scr\Renderer.cpp" />
    <ClCompile Include="scr\ResourceManager.cpp" />
    <ClCompile Include="scr\Font.cpp" />
    <ClCompile Include="scr\SceneObject.cpp" />
    <ClCompile Include="scr\Components\Avatar.cpp" />
    <ClCompile Include="scr\Components\Component.cpp" />
    <ClCompile Include="scr\Components\FPSScript.cpp" />
    <ClCompile Include="scr\Components\Text.cpp" />
    <ClCompile Include="scr\Components\Texture2D.cpp" />
    <ClCompile Include="scr\Components\Transform.cpp" />
    <ClCompile Include="scr\GameObject\GameObject.cpp" />
  </ItemGroup>
</Project>