<?xml version="1.0" encoding="utf-8"?>
<Project ToolsVersion="4.0" xmlns="http://schemas.microsoft.com/developer/msbuild/2003">
  <ItemGroup>
    <Filter Include="Source Files">
      <UniqueIdentifier>{4FC737F1-C7A5-4376-A066-2A32D752A2FF}</UniqueIdentifier>
      <Extensions>cpp;c;cc;cxx;c++;def;odl;idl;hpj;bat;asm;asmx</Extensions>
    </Filter>
    <Filter Include="Header Files">
      <UniqueIdentifier>{93995380-89BD-4b04-88EB-625FBE52EBFB}</UniqueIdentifier>
      <Extensions>h;hh;hpp;hxx;h++;hm;inl;inc;ipp;xsd</Extensions>
    </Filter>
    <Filter Include="Resource Files">
      <UniqueIdentifier>{67DA6AB6-F800-4c08-8B7A-83BB121AAD01}</UniqueIdentifier>
      <Extensions>rc;ico;cur;bmp;dlg;rc2;rct;bin;rgs;gif;jpg;jpeg;jpe;resx;tiff;tif;png;wav;mfcribbon-ms</Extensions>
    </Filter>
  </ItemGroup>
  <ItemGroup>
    <ClInclude Include="Balbino.h">
      <Filter>Header Files</Filter>
    </ClInclude>
    <ClInclude Include="scr\Components\All.h">
      <Filter>Header Files</Filter>
    </ClInclude>
    <ClInclude Include="scr\Components\Audio.h">
      <Filter>Header Files</Filter>
    </ClInclude>
    <ClInclude Include="scr\Components\Avatar.h">
      <Filter>Header Files</Filter>
    </ClInclude>
    <ClInclude Include="scr\Components\Camera.h">
      <Filter>Header Files</Filter>
    </ClInclude>
    <ClInclude Include="scr\Components\Component.h">
      <Filter>Header Files</Filter>
    </ClInclude>
    <ClInclude Include="scr\Components\FPSScript.h">
      <Filter>Header Files</Filter>
    </ClInclude>
    <ClInclude Include="scr\Components\LevelLoader.h">
      <Filter>Header Files</Filter>
    </ClInclude>
    <ClInclude Include="scr\Components\Sprite.h">
      <Filter>Header Files</Filter>
    </ClInclude>
    <ClInclude Include="scr\Components\Text.h">
      <Filter>Header Files</Filter>
    </ClInclude>
    <ClInclude Include="scr\Components\Texture2D.h">
      <Filter>Header Files</Filter>
    </ClInclude>
    <ClInclude Include="scr\Components\Transform.h">
      <Filter>Header Files</Filter>
    </ClInclude>
    <ClInclude Include="scr\GameObject\GameObject.h">
      <Filter>Header Files</Filter>
    </ClInclude>
    <ClInclude Include="scr\gl3w\GL\gl3w.h">
      <Filter>Header Files</Filter>
    </ClInclude>
    <ClInclude Include="scr\gl3w\GL\glcorearb.h">
      <Filter>Header Files</Filter>
    </ClInclude>
    <ClInclude Include="scr\imgui-1.75\imconfig.h">
      <Filter>Header Files</Filter>
    </ClInclude>
    <ClInclude Include="scr\imgui-1.75\imgui.h">
      <Filter>Header Files</Filter>
    </ClInclude>
    <ClInclude Include="scr\imgui-1.75\imgui_impl_opengl3.h">
      <Filter>Header Files</Filter>
    </ClInclude>
    <ClInclude Include="scr\imgui-1.75\imgui_impl_sdl.h">
      <Filter>Header Files</Filter>
    </ClInclude>
    <ClInclude Include="scr\imgui-1.75\imgui_internal.h">
      <Filter>Header Files</Filter>
    </ClInclude>
    <ClInclude Include="scr\imgui-1.75\imgui_plot.h">
      <Filter>Header Files</Filter>
    </ClInclude>
    <ClInclude Include="scr\imgui-1.75\imgui_sdl.h">
      <Filter>Header Files</Filter>
    </ClInclude>
    <ClInclude Include="scr\imgui-1.75\imstb_rectpack.h">
      <Filter>Header Files</Filter>
    </ClInclude>
    <ClInclude Include="scr\imgui-1.75\imstb_textedit.h">
      <Filter>Header Files</Filter>
    </ClInclude>
    <ClInclude Include="scr\imgui-1.75\imstb_truetype.h">
      <Filter>Header Files</Filter>
    </ClInclude>
    <ClInclude Include="scr\Renderer\Renderer.h">
      <Filter>Header Files</Filter>
    </ClInclude>
    <ClInclude Include="scr\Application.h">
      <Filter>Header Files</Filter>
    </ClInclude>
    <ClInclude Include="scr\BalbinoPCH.h">
      <Filter>Header Files</Filter>
    </ClInclude>
    <ClInclude Include="scr\BinaryReaderWrider.h">
      <Filter>Header Files</Filter>
    </ClInclude>
    <ClInclude Include="scr\Core.h">
      <Filter>Header Files</Filter>
    </ClInclude>
    <ClInclude Include="scr\Debug.h">
      <Filter>Header Files</Filter>
    </ClInclude>
    <ClInclude Include="scr\EntryPoint.h">
      <Filter>Header Files</Filter>
    </ClInclude>
    <ClInclude Include="scr\Font.h">
      <Filter>Header Files</Filter>
    </ClInclude>
    <ClInclude Include="scr\InputManager.h">
      <Filter>Header Files</Filter>
    </ClInclude>
    <ClInclude Include="scr\ResourceManager.h">
      <Filter>Header Files</Filter>
    </ClInclude>
    <ClInclude Include="scr\Scene.h">
      <Filter>Header Files</Filter>
    </ClInclude>
    <ClInclude Include="scr\SceneManager.h">
      <Filter>Header Files</Filter>
    </ClInclude>
    <ClInclude Include="scr\SceneObject.h">
      <Filter>Header Files</Filter>
    </ClInclude>
    <ClInclude Include="scr\Singleton.h">
      <Filter>Header Files</Filter>
    </ClInclude>
    <ClInclude Include="scr\Struct.h">
      <Filter>Header Files</Filter>
    </ClInclude>
    <ClInclude Include="scr\Time.h">
      <Filter>Header Files</Filter>
    </ClInclude>
    <ClInclude Include="scr\imgui-1.75\imgui_extra.h">
      <Filter>Header Files</Filter>
    </ClInclude>
    <ClInclude Include="scr\Editor\AssetBrouser.h">
      <Filter>Header Files</Filter>
    </ClInclude>
    <ClInclude Include="scr\Editor\File.h">
      <Filter>Header Files</Filter>
    </ClInclude>
    <ClInclude Include="scr\Editor\SpriteEditor.h">
      <Filter>Header Files</Filter>
    </ClInclude>
  </ItemGroup>
  <ItemGroup>
    <ClCompile Include="scr\Components\Audio.cpp">
      <Filter>Source Files</Filter>
    </ClCompile>
    <ClCompile Include="scr\Components\Avatar.cpp">
      <Filter>Source Files</Filter>
    </ClCompile>
    <ClCompile Include="scr\Components\Camera.cpp">
      <Filter>Source Files</Filter>
    </ClCompile>
    <ClCompile Include="scr\Components\Component.cpp">
      <Filter>Source Files</Filter>
    </ClCompile>
    <ClCompile Include="scr\Components\FPSScript.cpp">
      <Filter>Source Files</Filter>
    </ClCompile>
    <ClCompile Include="scr\Components\LevelLoader.cpp">
      <Filter>Source Files</Filter>
    </ClCompile>
    <ClCompile Include="scr\Components\Sprite.cpp">
      <Filter>Source Files</Filter>
    </ClCompile>
    <ClCompile Include="scr\Components\Text.cpp">
      <Filter>Source Files</Filter>
    </ClCompile>
    <ClCompile Include="scr\Components\Texture2D.cpp">
      <Filter>Source Files</Filter>
    </ClCompile>
    <ClCompile Include="scr\Components\Transform.cpp">
      <Filter>Source Files</Filter>
    </ClCompile>
    <ClCompile Include="scr\GameObject\GameObject.cpp">
      <Filter>Source Files</Filter>
    </ClCompile>
    <ClCompile Include="scr\imgui-1.75\imgui_draw.cpp">
      <Filter>Source Files</Filter>
    </ClCompile>
    <ClCompile Include="scr\Renderer\Renderer.cpp">
      <Filter>Source Files</Filter>
    </ClCompile>
    <ClCompile Include="scr\Application.cpp">
      <Filter>Source Files</Filter>
    </ClCompile>
    <ClCompile Include="scr\BalbinoPCH.cpp">
      <Filter>Source Files</Filter>
    </ClCompile>
    <ClCompile Include="scr\BinaryReaderWrider.cpp">
      <Filter>Source Files</Filter>
    </ClCompile>
    <ClCompile Include="scr\Debug.cpp">
      <Filter>Source Files</Filter>
    </ClCompile>
    <ClCompile Include="scr\Font.cpp">
      <Filter>Source Files</Filter>
    </ClCompile>
    <ClCompile Include="scr\InputManager.cpp">
      <Filter>Source Files</Filter>
    </ClCompile>
    <ClCompile Include="scr\ResourceManager.cpp">
      <Filter>Source Files</Filter>
    </ClCompile>
    <ClCompile Include="scr\Scene.cpp">
      <Filter>Source Files</Filter>
    </ClCompile>
    <ClCompile Include="scr\SceneManager.cpp">
      <Filter>Source Files</Filter>
    </ClCompile>
    <ClCompile Include="scr\SceneObject.cpp">
      <Filter>Source Files</Filter>
    </ClCompile>
    <ClCompile Include="scr\Struct.cpp">
      <Filter>Source Files</Filter>
    </ClCompile>
    <ClCompile Include="scr\Time.cpp">
      <Filter>Source Files</Filter>
    </ClCompile>
    <ClCompile Include="scr\imgui-1.75\imgui_widgets.cpp">
      <Filter>Source Files</Filter>
    </ClCompile>
    <ClCompile Include="scr\imgui-1.75\imgui_sdl.cpp">
      <Filter>Source Files</Filter>
    </ClCompile>
    <ClCompile Include="scr\imgui-1.75\imgui_plot.cpp">
      <Filter>Source Files</Filter>
    </ClCompile>
    <ClCompile Include="scr\imgui-1.75\imgui_impl_sdl.cpp">
      <Filter>Source Files</Filter>
    </ClCompile>
    <ClCompile Include="scr\imgui-1.75\imgui_impl_opengl3.cpp">
      <Filter>Source Files</Filter>
    </ClCompile>
    <ClCompile Include="scr\imgui-1.75\imgui_demo.cpp">
      <Filter>Source Files</Filter>
    </ClCompile>
    <ClCompile Include="scr\imgui-1.75\imgui.cpp">
      <Filter>Source Files</Filter>
    </ClCompile>
    <ClCompile Include="scr\gl3w\GL\gl3w.c">
      <Filter>Source Files</Filter>
    </ClCompile>
    <ClCompile Include="scr\imgui-1.75\imgui_extra.cpp">
      <Filter>Source Files</Filter>
    </ClCompile>
    <ClCompile Include="scr\Editor\AssetBrouser.cpp">
      <Filter>Source Files</Filter>
    </ClCompile>
    <ClCompile Include="scr\Editor\SpriteEditor.cpp">
      <Filter>Source Files</Filter>
    </ClCompile>
  </ItemGroup>
</Project>