
Microsoft Visual Studio Solution File, Format Version 12.00
# Visual Studio Version 16
VisualStudioVersion = 16.0.29709.97
MinimumVisualStudioVersion = 10.0.40219.1
Project("{8BC9CEB8-8B4A-11D0-8D11-00A0C91BC942}") = "Game", "Game\Game.vcxproj", "{EC78B08C-6DE5-4C21-AE58-9BAE3B7BD2E5}"
EndProject
Project("{8BC9CEB8-8B4A-11D0-8D11-00A0C91BC942}") = "Balbino", "Balbino\Balbino.vcxproj", "{5A4234BA-9B20-4CD4-B9F0-D7BC800EDB93}"
EndProject
Project("{8BC9CEB8-8B4A-11D0-8D11-00A0C91BC942}") = "Editor", "Editor\Editor.vcxproj", "{C02598DE-BE47-4A8A-A5A1-FC9414FCB379}"
EndProject
Project("{8BC9CEB8-8B4A-11D0-8D11-00A0C91BC942}") = "Imgui", "Imgui\Imgui.vcxproj", "{D75A6B0E-6186-4965-929F-415B311E6F22}"
EndProject
Project("{8BC9CEB8-8B4A-11D0-8D11-00A0C91BC942}") = "Blink", "Blink\blink.vcxproj", "{188B7270-046B-476D-A32D-34390DA1A885}"
EndProject
Global
	GlobalSection(SolutionConfigurationPlatforms) = preSolution
		Debug Editor|x64 = Debug Editor|x64
		Debug Editor|x86 = Debug Editor|x86
		Debug|x64 = Debug|x64
		Debug|x86 = Debug|x86
		Release Editor|x64 = Release Editor|x64
		Release Editor|x86 = Release Editor|x86
		Release|x64 = Release|x64
		Release|x86 = Release|x86
	EndGlobalSection
	GlobalSection(ProjectConfigurationPlatforms) = postSolution
		{EC78B08C-6DE5-4C21-AE58-9BAE3B7BD2E5}.Debug Editor|x64.ActiveCfg = Debug Editor|x64
		{EC78B08C-6DE5-4C21-AE58-9BAE3B7BD2E5}.Debug Editor|x64.Build.0 = Debug Editor|x64
		{EC78B08C-6DE5-4C21-AE58-9BAE3B7BD2E5}.Debug Editor|x86.ActiveCfg = Debug Editor|Win32
		{EC78B08C-6DE5-4C21-AE58-9BAE3B7BD2E5}.Debug Editor|x86.Build.0 = Debug Editor|Win32
		{EC78B08C-6DE5-4C21-AE58-9BAE3B7BD2E5}.Debug|x64.ActiveCfg = Debug|x64
		{EC78B08C-6DE5-4C21-AE58-9BAE3B7BD2E5}.Debug|x64.Build.0 = Debug|x64
		{EC78B08C-6DE5-4C21-AE58-9BAE3B7BD2E5}.Debug|x86.ActiveCfg = Debug|Win32
		{EC78B08C-6DE5-4C21-AE58-9BAE3B7BD2E5}.Debug|x86.Build.0 = Debug|Win32
		{EC78B08C-6DE5-4C21-AE58-9BAE3B7BD2E5}.Release Editor|x64.ActiveCfg = Release Editor|x64
		{EC78B08C-6DE5-4C21-AE58-9BAE3B7BD2E5}.Release Editor|x64.Build.0 = Release Editor|x64
		{EC78B08C-6DE5-4C21-AE58-9BAE3B7BD2E5}.Release Editor|x86.ActiveCfg = Release Editor|Win32
		{EC78B08C-6DE5-4C21-AE58-9BAE3B7BD2E5}.Release Editor|x86.Build.0 = Release Editor|Win32
		{EC78B08C-6DE5-4C21-AE58-9BAE3B7BD2E5}.Release|x64.ActiveCfg = Release|x64
		{EC78B08C-6DE5-4C21-AE58-9BAE3B7BD2E5}.Release|x64.Build.0 = Release|x64
		{EC78B08C-6DE5-4C21-AE58-9BAE3B7BD2E5}.Release|x86.ActiveCfg = Release|Win32
		{EC78B08C-6DE5-4C21-AE58-9BAE3B7BD2E5}.Release|x86.Build.0 = Release|Win32
		{5A4234BA-9B20-4CD4-B9F0-D7BC800EDB93}.Debug Editor|x64.ActiveCfg = Debug Editor|x64
		{5A4234BA-9B20-4CD4-B9F0-D7BC800EDB93}.Debug Editor|x64.Build.0 = Debug Editor|x64
		{5A4234BA-9B20-4CD4-B9F0-D7BC800EDB93}.Debug Editor|x86.ActiveCfg = Debug Editor|Win32
		{5A4234BA-9B20-4CD4-B9F0-D7BC800EDB93}.Debug Editor|x86.Build.0 = Debug Editor|Win32
		{5A4234BA-9B20-4CD4-B9F0-D7BC800EDB93}.Debug|x64.ActiveCfg = Debug|x64
		{5A4234BA-9B20-4CD4-B9F0-D7BC800EDB93}.Debug|x64.Build.0 = Debug|x64
		{5A4234BA-9B20-4CD4-B9F0-D7BC800EDB93}.Debug|x86.ActiveCfg = Debug|Win32
		{5A4234BA-9B20-4CD4-B9F0-D7BC800EDB93}.Debug|x86.Build.0 = Debug|Win32
		{5A4234BA-9B20-4CD4-B9F0-D7BC800EDB93}.Release Editor|x64.ActiveCfg = Release Editor|x64
		{5A4234BA-9B20-4CD4-B9F0-D7BC800EDB93}.Release Editor|x64.Build.0 = Release Editor|x64
		{5A4234BA-9B20-4CD4-B9F0-D7BC800EDB93}.Release Editor|x86.ActiveCfg = Release Editor|Win32
		{5A4234BA-9B20-4CD4-B9F0-D7BC800EDB93}.Release Editor|x86.Build.0 = Release Editor|Win32
		{5A4234BA-9B20-4CD4-B9F0-D7BC800EDB93}.Release|x64.ActiveCfg = Release|x64
		{5A4234BA-9B20-4CD4-B9F0-D7BC800EDB93}.Release|x64.Build.0 = Release|x64
		{5A4234BA-9B20-4CD4-B9F0-D7BC800EDB93}.Release|x86.ActiveCfg = Release|Win32
		{5A4234BA-9B20-4CD4-B9F0-D7BC800EDB93}.Release|x86.Build.0 = Release|Win32
		{C02598DE-BE47-4A8A-A5A1-FC9414FCB379}.Debug Editor|x64.ActiveCfg = Debug Editor|x64
		{C02598DE-BE47-4A8A-A5A1-FC9414FCB379}.Debug Editor|x64.Build.0 = Debug Editor|x64
		{C02598DE-BE47-4A8A-A5A1-FC9414FCB379}.Debug Editor|x86.ActiveCfg = Debug Editor|Win32
		{C02598DE-BE47-4A8A-A5A1-FC9414FCB379}.Debug Editor|x86.Build.0 = Debug Editor|Win32
		{C02598DE-BE47-4A8A-A5A1-FC9414FCB379}.Debug|x64.ActiveCfg = Debug|x64
		{C02598DE-BE47-4A8A-A5A1-FC9414FCB379}.Debug|x64.Build.0 = Debug|x64
		{C02598DE-BE47-4A8A-A5A1-FC9414FCB379}.Debug|x86.ActiveCfg = Debug|Win32
		{C02598DE-BE47-4A8A-A5A1-FC9414FCB379}.Debug|x86.Build.0 = Debug|Win32
		{C02598DE-BE47-4A8A-A5A1-FC9414FCB379}.Release Editor|x64.ActiveCfg = Release Editor|x64
		{C02598DE-BE47-4A8A-A5A1-FC9414FCB379}.Release Editor|x64.Build.0 = Release Editor|x64
		{C02598DE-BE47-4A8A-A5A1-FC9414FCB379}.Release Editor|x86.ActiveCfg = Release Editor|Win32
		{C02598DE-BE47-4A8A-A5A1-FC9414FCB379}.Release Editor|x86.Build.0 = Release Editor|Win32
		{C02598DE-BE47-4A8A-A5A1-FC9414FCB379}.Release|x64.ActiveCfg = Release|x64
		{C02598DE-BE47-4A8A-A5A1-FC9414FCB379}.Release|x64.Build.0 = Release|x64
		{C02598DE-BE47-4A8A-A5A1-FC9414FCB379}.Release|x86.ActiveCfg = Release|Win32
		{C02598DE-BE47-4A8A-A5A1-FC9414FCB379}.Release|x86.Build.0 = Release|Win32
		{D75A6B0E-6186-4965-929F-415B311E6F22}.Debug Editor|x64.ActiveCfg = Debug Editor|x64
		{D75A6B0E-6186-4965-929F-415B311E6F22}.Debug Editor|x64.Build.0 = Debug Editor|x64
		{D75A6B0E-6186-4965-929F-415B311E6F22}.Debug Editor|x86.ActiveCfg = Debug Editor|Win32
		{D75A6B0E-6186-4965-929F-415B311E6F22}.Debug Editor|x86.Build.0 = Debug Editor|Win32
		{D75A6B0E-6186-4965-929F-415B311E6F22}.Debug|x64.ActiveCfg = Debug|x64
		{D75A6B0E-6186-4965-929F-415B311E6F22}.Debug|x64.Build.0 = Debug|x64
		{D75A6B0E-6186-4965-929F-415B311E6F22}.Debug|x86.ActiveCfg = Debug|Win32
		{D75A6B0E-6186-4965-929F-415B311E6F22}.Debug|x86.Build.0 = Debug|Win32
		{D75A6B0E-6186-4965-929F-415B311E6F22}.Release Editor|x64.ActiveCfg = Release Editor|x64
		{D75A6B0E-6186-4965-929F-415B311E6F22}.Release Editor|x64.Build.0 = Release Editor|x64
		{D75A6B0E-6186-4965-929F-415B311E6F22}.Release Editor|x86.ActiveCfg = Release Editor|Win32
		{D75A6B0E-6186-4965-929F-415B311E6F22}.Release Editor|x86.Build.0 = Release Editor|Win32
		{D75A6B0E-6186-4965-929F-415B311E6F22}.Release|x64.ActiveCfg = Release|x64
		{D75A6B0E-6186-4965-929F-415B311E6F22}.Release|x64.Build.0 = Release|x64
		{D75A6B0E-6186-4965-929F-415B311E6F22}.Release|x86.ActiveCfg = Release|Win32
		{D75A6B0E-6186-4965-929F-415B311E6F22}.Release|x86.Build.0 = Release|Win32
		{188B7270-046B-476D-A32D-34390DA1A885}.Debug Editor|x64.ActiveCfg = Debug Editor|x64
		{188B7270-046B-476D-A32D-34390DA1A885}.Debug Editor|x64.Build.0 = Debug Editor|x64
		{188B7270-046B-476D-A32D-34390DA1A885}.Debug Editor|x86.ActiveCfg = Debug Editor|Win32
		{188B7270-046B-476D-A32D-34390DA1A885}.Debug Editor|x86.Build.0 = Debug Editor|Win32
		{188B7270-046B-476D-A32D-34390DA1A885}.Debug|x64.ActiveCfg = Debug|x64
		{188B7270-046B-476D-A32D-34390DA1A885}.Debug|x64.Build.0 = Debug|x64
		{188B7270-046B-476D-A32D-34390DA1A885}.Debug|x86.ActiveCfg = Debug|Win32
		{188B7270-046B-476D-A32D-34390DA1A885}.Debug|x86.Build.0 = Debug|Win32
		{188B7270-046B-476D-A32D-34390DA1A885}.Release Editor|x64.ActiveCfg = Release Editor|x64
		{188B7270-046B-476D-A32D-34390DA1A885}.Release Editor|x64.Build.0 = Release Editor|x64
		{188B7270-046B-476D-A32D-34390DA1A885}.Release Editor|x86.ActiveCfg = Release Editor|Win32
		{188B7270-046B-476D-A32D-34390DA1A885}.Release Editor|x86.Build.0 = Release Editor|Win32
		{188B7270-046B-476D-A32D-34390DA1A885}.Release|x64.ActiveCfg = Release|x64
		{188B7270-046B-476D-A32D-34390DA1A885}.Release|x64.Build.0 = Release|x64
		{188B7270-046B-476D-A32D-34390DA1A885}.Release|x86.ActiveCfg = Release|Win32
		{188B7270-046B-476D-A32D-34390DA1A885}.Release|x86.Build.0 = Release|Win32
	EndGlobalSection
	GlobalSection(SolutionProperties) = preSolution
		HideSolutionNode = FALSE
	EndGlobalSection
	GlobalSection(ExtensibilityGlobals) = postSolution
		SolutionGuid = {0EC5898B-D2F2-4193-AC86-1A61B49691D6}
	EndGlobalSection
EndGlobal
