<?xml version="1.0" encoding="utf-8"?>
<Project ToolsVersion="4.0" xmlns="http://schemas.microsoft.com/developer/msbuild/2003">
  <ItemGroup>
    <Filter Include="Source Files">
      <UniqueIdentifier>{4FC737F1-C7A5-4376-A066-2A32D752A2FF}</UniqueIdentifier>
      <Extensions>cpp;c;cc;cxx;c++;def;odl;idl;hpj;bat;asm;asmx</Extensions>
    </Filter>
    <Filter Include="Header Files">
      <UniqueIdentifier>{93995380-89BD-4b04-88EB-625FBE52EBFB}</UniqueIdentifier>
      <Extensions>h;hh;hpp;hxx;h++;hm;inl;inc;ipp;xsd</Extensions>
    </Filter>
    <Filter Include="Resource Files">
      <UniqueIdentifier>{67DA6AB6-F800-4c08-8B7A-83BB121AAD01}</UniqueIdentifier>
      <Extensions>rc;ico;cur;bmp;dlg;rc2;rct;bin;rgs;gif;jpg;jpeg;jpe;resx;tiff;tif;png;wav;mfcribbon-ms</Extensions>
    </Filter>
  </ItemGroup>
  <ItemGroup>
    <ClCompile Include="scr\pch.cpp">
      <Filter>Source Files</Filter>
    </ClCompile>
    <ClCompile Include="scr\Interface.cpp">
      <Filter>Source Files</Filter>
    </ClCompile>
    <ClCompile Include="scr\Windows\MainScreen.cpp">
      <Filter>Source Files</Filter>
    </ClCompile>
    <ClCompile Include="scr\Windows\GameView.cpp">
      <Filter>Source Files</Filter>
    </ClCompile>
    <ClCompile Include="scr\Tools\FilesSystem\FileSystem.cpp">
      <Filter>Source Files</Filter>
    </ClCompile>
    <ClCompile Include="scr\Windows\AssetBrowser.cpp">
      <Filter>Source Files</Filter>
    </ClCompile>
    <ClCompile Include="scr\Tools\FilesSystem\Inporter\ImageImporter.cpp">
      <Filter>Source Files</Filter>
    </ClCompile>
    <ClCompile Include="scr\Windows\SceneHierarchy.cpp">
      <Filter>Source Files</Filter>
    </ClCompile>
    <ClCompile Include="scr\Windows\ShaderGraph.cpp">
      <Filter>Source Files</Filter>
    </ClCompile>
    <ClCompile Include="scr\Windows\Nodes\MathNode.cpp">
      <Filter>Source Files</Filter>
    </ClCompile>
    <ClCompile Include="scr\Windows\Nodes\VertexOutput.cpp">
      <Filter>Source Files</Filter>
    </ClCompile>
    <ClCompile Include="scr\Windows\Nodes\FragmentOutput.cpp">
      <Filter>Source Files</Filter>
    </ClCompile>
    <ClCompile Include="scr\Windows\Nodes\Clamp.cpp">
      <Filter>Source Files</Filter>
    </ClCompile>
    <ClCompile Include="scr\Windows\Nodes\VectorMath.cpp">
      <Filter>Source Files</Filter>
    </ClCompile>
    <ClCompile Include="scr\Windows\Nodes\RGBtoBW.cpp">
      <Filter>Source Files</Filter>
    </ClCompile>
    <ClCompile Include="scr\Windows\Nodes\NormalMap.cpp">
      <Filter>Source Files</Filter>
    </ClCompile>
    <ClCompile Include="scr\Windows\Nodes\Mapping.cpp">
      <Filter>Source Files</Filter>
    </ClCompile>
    <ClCompile Include="scr\Windows\Nodes\Displacement.cpp">
      <Filter>Source Files</Filter>
    </ClCompile>
    <ClCompile Include="scr\Windows\Nodes\Bump.cpp">
      <Filter>Source Files</Filter>
    </ClCompile>
    <ClCompile Include="scr\Windows\Nodes\ColorNodes.cpp">
      <Filter>Source Files</Filter>
    </ClCompile>
    <ClCompile Include="scr\Windows\Nodes\BrickTexture.cpp">
      <Filter>Source Files</Filter>
    </ClCompile>
    <ClCompile Include="scr\Tools\FilesSystem\Inporter\CalcTangents.cpp">
      <Filter>Source Files</Filter>
    </ClCompile>
    <ClCompile Include="scr\Tools\FilesSystem\Inporter\mikktspace.c">
      <Filter>Source Files</Filter>
    </ClCompile>
    <ClCompile Include="scr\Windows\MaterialEditor.cpp">
      <Filter>Source Files</Filter>
    </ClCompile>
  </ItemGroup>
  <ItemGroup>
    <ClInclude Include="scr\pch.h">
      <Filter>Header Files</Filter>
    </ClInclude>
    <ClInclude Include="scr\Interface.h">
      <Filter>Header Files</Filter>
    </ClInclude>
    <ClInclude Include="scr\Windows\MainScreen.h">
      <Filter>Header Files</Filter>
    </ClInclude>
    <ClInclude Include="scr\Windows\GameView.h">
      <Filter>Header Files</Filter>
    </ClInclude>
    <ClInclude Include="scr\Tools\FilesSystem\FileSystem.h">
      <Filter>Header Files</Filter>
    </ClInclude>
    <ClInclude Include="scr\Windows\AssetBrowser.h">
      <Filter>Header Files</Filter>
    </ClInclude>
    <ClInclude Include="scr\Tools\FilesSystem\Inporter\ImageImporter.h">
      <Filter>Header Files</Filter>
    </ClInclude>
    <ClInclude Include="scr\Windows\SceneHierarchy.h">
      <Filter>Header Files</Filter>
    </ClInclude>
    <ClInclude Include="scr\Windows\ShaderGraph.h">
      <Filter>Header Files</Filter>
    </ClInclude>
    <ClInclude Include="scr\Windows\Nodes\MathNode.h">
      <Filter>Header Files</Filter>
    </ClInclude>
    <ClInclude Include="scr\Windows\Nodes\VertexOutput.h">
      <Filter>Header Files</Filter>
    </ClInclude>
    <ClInclude Include="scr\Windows\Nodes\Attribute.h">
      <Filter>Header Files</Filter>
    </ClInclude>
    <ClInclude Include="scr\Windows\Nodes\INode.h">
      <Filter>Header Files</Filter>
    </ClInclude>
    <ClInclude Include="scr\Windows\Nodes\FragmentOutput.h">
      <Filter>Header Files</Filter>
    </ClInclude>
    <ClInclude Include="scr\Windows\Nodes\Clamp.h">
      <Filter>Header Files</Filter>
    </ClInclude>
    <ClInclude Include="scr\Windows\Nodes\VectorMath.h">
      <Filter>Header Files</Filter>
    </ClInclude>
    <ClInclude Include="scr\Windows\Nodes\RGBtoBW.h">
      <Filter>Header Files</Filter>
    </ClInclude>
    <ClInclude Include="scr\Windows\Nodes\NormalMap.h">
      <Filter>Header Files</Filter>
    </ClInclude>
    <ClInclude Include="scr\Windows\Nodes\Mapping.h">
      <Filter>Header Files</Filter>
    </ClInclude>
    <ClInclude Include="scr\Windows\Nodes\Displacement.h">
      <Filter>Header Files</Filter>
    </ClInclude>
    <ClInclude Include="scr\Windows\Nodes\Bump.h">
      <Filter>Header Files</Filter>
    </ClInclude>
    <ClInclude Include="scr\Windows\Nodes\ColorNodes.h">
      <Filter>Header Files</Filter>
    </ClInclude>
    <ClInclude Include="scr\Windows\Nodes\BrickTexture.h">
      <Filter>Header Files</Filter>
    </ClInclude>
    <ClInclude Include="scr\Tools\FilesSystem\Inporter\CalcTangents.h">
      <Filter>Header Files</Filter>
    </ClInclude>
    <ClInclude Include="scr\Tools\FilesSystem\Inporter\mikktspace.h">
      <Filter>Header Files</Filter>
    </ClInclude>
    <ClInclude Include="scr\Windows\MaterialEditor.h">
      <Filter>Header Files</Filter>
    </ClInclude>
  </ItemGroup>
</Project>