<?xml version="1.0" encoding="utf-8"?>
<Project ToolsVersion="16.0" xmlns="http://schemas.microsoft.com/developer/msbuild/2003">
  <ItemGroup>
    <ClCompile Include="D:\joran\Documents\GitHub\Balbino\SPIRV_Cross\spirv_cross.cpp">
      <Filter>Source Files</Filter>
    </ClCompile>
    <ClCompile Include="D:\joran\Documents\GitHub\Balbino\SPIRV_Cross\spirv_parser.cpp">
      <Filter>Source Files</Filter>
    </ClCompile>
    <ClCompile Include="D:\joran\Documents\GitHub\Balbino\SPIRV_Cross\spirv_cross_parsed_ir.cpp">
      <Filter>Source Files</Filter>
    </ClCompile>
    <ClCompile Include="D:\joran\Documents\GitHub\Balbino\SPIRV_Cross\spirv_cfg.cpp">
      <Filter>Source Files</Filter>
    </ClCompile>
    <ClCompile Include="spirv_reflect.cpp" />
    <ClCompile Include="spirv_glsl.cpp" />
  </ItemGroup>
  <ItemGroup>
    <ClInclude Include="D:\joran\Documents\GitHub\Balbino\SPIRV_Cross\GLSL.std.450.h">
      <Filter>Header Files</Filter>
    </ClInclude>
    <ClInclude Include="D:\joran\Documents\GitHub\Balbino\SPIRV_Cross\spirv_common.hpp">
      <Filter>Header Files</Filter>
    </ClInclude>
    <ClInclude Include="D:\joran\Documents\GitHub\Balbino\SPIRV_Cross\spirv_cross_containers.hpp">
      <Filter>Header Files</Filter>
    </ClInclude>
    <ClInclude Include="D:\joran\Documents\GitHub\Balbino\SPIRV_Cross\spirv_cross_error_handling.hpp">
      <Filter>Header Files</Filter>
    </ClInclude>
    <ClInclude Include="D:\joran\Documents\GitHub\Balbino\SPIRV_Cross\spirv.hpp">
      <Filter>Header Files</Filter>
    </ClInclude>
    <ClInclude Include="D:\joran\Documents\GitHub\Balbino\SPIRV_Cross\spirv_cross.hpp">
      <Filter>Header Files</Filter>
    </ClInclude>
    <ClInclude Include="D:\joran\Documents\GitHub\Balbino\SPIRV_Cross\spirv_parser.hpp">
      <Filter>Header Files</Filter>
    </ClInclude>
    <ClInclude Include="D:\joran\Documents\GitHub\Balbino\SPIRV_Cross\spirv_cross_parsed_ir.hpp">
      <Filter>Header Files</Filter>
    </ClInclude>
    <ClInclude Include="D:\joran\Documents\GitHub\Balbino\SPIRV_Cross\spirv_cfg.hpp">
      <Filter>Header Files</Filter>
    </ClInclude>
    <ClInclude Include="spirv_reflect.hpp" />
    <ClInclude Include="spirv_glsl.hpp" />
  </ItemGroup>
  <ItemGroup>
    <CustomBuild Include="D:\joran\Documents\GitHub\Balbino\SPIRV_Cross\CMakeLists.txt" />
  </ItemGroup>
  <ItemGroup>
    <Filter Include="Header Files">
      <UniqueIdentifier>{5F5E7E46-5525-3133-8FD9-4072E30A46A5}</UniqueIdentifier>
    </Filter>
    <Filter Include="Source Files">
      <UniqueIdentifier>{4E10B4BB-7736-3F8D-8ED7-181BD846D176}</UniqueIdentifier>
    </Filter>
  </ItemGroup>
</Project>