<?xml version="1.0" encoding="utf-8"?>
<Project ToolsVersion="16.0" xmlns="http://schemas.microsoft.com/developer/msbuild/2003">
  <ItemGroup>
    <ClCompile Include="D:\joran\Documents\GitHub\Balbino\SPIRV_Cross\spirv_glsl.cpp">
      <Filter>Source Files</Filter>
    </ClCompile>
  </ItemGroup>
  <ItemGroup>
    <ClInclude Include="D:\joran\Documents\GitHub\Balbino\SPIRV_Cross\spirv_glsl.hpp">
      <Filter>Header Files</Filter>
    </ClInclude>
  </ItemGroup>
  <ItemGroup>
    <CustomBuild Include="D:\joran\Documents\GitHub\Balbino\SPIRV_Cross\CMakeLists.txt" />
  </ItemGroup>
  <ItemGroup>
    <Filter Include="Header Files">
      <UniqueIdentifier>{5F5E7E46-5525-3133-8FD9-4072E30A46A5}</UniqueIdentifier>
    </Filter>
    <Filter Include="Source Files">
      <UniqueIdentifier>{4E10B4BB-7736-3F8D-8ED7-181BD846D176}</UniqueIdentifier>
    </Filter>
  </ItemGroup>
</Project>
