<?xml version="1.0" encoding="utf-8"?>
<Project ToolsVersion="4.0" xmlns="http://schemas.microsoft.com/developer/msbuild/2003">
  <ItemGroup>
    <ClInclude Include="IScene.h" />
    <ClInclude Include="UUID.h" />
    <ClInclude Include="IEntity.h" />
    <ClInclude Include="Components\CameraComponent.h" />
    <ClInclude Include="Components\IDComponent.h" />
    <ClInclude Include="Components\TransformComponent.h" />
    <ClInclude Include="Camera.h" />
    <ClInclude Include="Importer.h" />
    <ClInclude Include="Components\TextureComponent.h" />
    <ClInclude Include="FileParcer.h" />
    <ClInclude Include="BalMath.h" />
  </ItemGroup>
</Project>